// !$*UTF8*$!
{
	archiveVersion = 1;
	classes = {
	};
	objectVersion = 50;
	objects = {

/* Begin PBXBuildFile section */
		E40639FA25DC02B20037353A /* main.cpp in Sources */ = {isa = PBXBuildFile; fileRef = E40639F925DC02B20037353A /* main.cpp */; };
		E40639FF25DC02C30037353A /* OpenGL.framework in Frameworks */ = {isa = PBXBuildFile; fileRef = 67BFEEE925C8478600A11686 /* OpenGL.framework */; };
		E4063A0025DC02CE0037353A /* libGLEW.2.2.dylib in Frameworks */ = {isa = PBXBuildFile; fileRef = E4358D9625D835F100DF2184 /* libGLEW.2.2.dylib */; };
		E4063A0125DC02CE0037353A /* libGLEW.2.2.dylib in Embed Libraries */ = {isa = PBXBuildFile; fileRef = E4358D9625D835F100DF2184 /* libGLEW.2.2.dylib */; settings = {ATTRIBUTES = (CodeSignOnCopy, ); }; };
		E4063A0325DC02D80037353A /* libglfw.3.dylib in Frameworks */ = {isa = PBXBuildFile; fileRef = E4358D9225D835BE00DF2184 /* libglfw.3.dylib */; };
		E4063A0425DC02D80037353A /* libglfw.3.dylib in Embed Libraries */ = {isa = PBXBuildFile; fileRef = E4358D9225D835BE00DF2184 /* libglfw.3.dylib */; settings = {ATTRIBUTES = (CodeSignOnCopy, ); }; };
		E4063A1225DD1A6F0037353A /* main.cpp in Sources */ = {isa = PBXBuildFile; fileRef = E4063A1125DD1A6F0037353A /* main.cpp */; };
		E4063A1E25DD270C0037353A /* OpenGL.framework in Frameworks */ = {isa = PBXBuildFile; fileRef = 67BFEEE925C8478600A11686 /* OpenGL.framework */; };
		E4063A1F25DD27170037353A /* libGLEW.2.2.dylib in Frameworks */ = {isa = PBXBuildFile; fileRef = E4358D9625D835F100DF2184 /* libGLEW.2.2.dylib */; };
		E4063A2025DD27170037353A /* libGLEW.2.2.dylib in Embed Libraries */ = {isa = PBXBuildFile; fileRef = E4358D9625D835F100DF2184 /* libGLEW.2.2.dylib */; settings = {ATTRIBUTES = (CodeSignOnCopy, ); }; };
		E4063A2225DD27200037353A /* libglfw.3.dylib in Frameworks */ = {isa = PBXBuildFile; fileRef = E4358D9225D835BE00DF2184 /* libglfw.3.dylib */; };
		E4063A2325DD27200037353A /* libglfw.3.dylib in Embed Libraries */ = {isa = PBXBuildFile; fileRef = E4358D9225D835BE00DF2184 /* libglfw.3.dylib */; settings = {ATTRIBUTES = (CodeSignOnCopy, ); }; };
		E4063A2D25DD76BF0037353A /* main.cpp in Sources */ = {isa = PBXBuildFile; fileRef = E4063A2C25DD76BF0037353A /* main.cpp */; };
		E4063A3225DD76EA0037353A /* OpenGL.framework in Frameworks */ = {isa = PBXBuildFile; fileRef = 67BFEEE925C8478600A11686 /* OpenGL.framework */; };
		E4063A3325DD76F40037353A /* libGLEW.2.2.dylib in Frameworks */ = {isa = PBXBuildFile; fileRef = E4358D9625D835F100DF2184 /* libGLEW.2.2.dylib */; };
		E4063A3425DD76F40037353A /* libGLEW.2.2.dylib in Embed Libraries */ = {isa = PBXBuildFile; fileRef = E4358D9625D835F100DF2184 /* libGLEW.2.2.dylib */; settings = {ATTRIBUTES = (CodeSignOnCopy, ); }; };
		E4063A3625DD76FE0037353A /* libglfw.3.dylib in Frameworks */ = {isa = PBXBuildFile; fileRef = E4358D9225D835BE00DF2184 /* libglfw.3.dylib */; };
		E4063A3725DD76FE0037353A /* libglfw.3.dylib in Embed Libraries */ = {isa = PBXBuildFile; fileRef = E4358D9225D835BE00DF2184 /* libglfw.3.dylib */; settings = {ATTRIBUTES = (CodeSignOnCopy, ); }; };
/* End PBXBuildFile section */

/* Begin PBXCopyFilesBuildPhase section */
		E40639F525DC02B20037353A /* CopyFiles */ = {
			isa = PBXCopyFilesBuildPhase;
			buildActionMask = 2147483647;
			dstPath = /usr/share/man/man1/;
			dstSubfolderSpec = 0;
			files = (
			);
			runOnlyForDeploymentPostprocessing = 1;
		};
		E4063A0225DC02CE0037353A /* Embed Libraries */ = {
			isa = PBXCopyFilesBuildPhase;
			buildActionMask = 2147483647;
			dstPath = "";
			dstSubfolderSpec = 10;
			files = (
				E4063A0125DC02CE0037353A /* libGLEW.2.2.dylib in Embed Libraries */,
				E4063A0425DC02D80037353A /* libglfw.3.dylib in Embed Libraries */,
			);
			name = "Embed Libraries";
			runOnlyForDeploymentPostprocessing = 0;
		};
		E4063A0D25DD1A6F0037353A /* CopyFiles */ = {
			isa = PBXCopyFilesBuildPhase;
			buildActionMask = 2147483647;
			dstPath = /usr/share/man/man1/;
			dstSubfolderSpec = 0;
			files = (
			);
			runOnlyForDeploymentPostprocessing = 1;
		};
		E4063A2125DD27170037353A /* Embed Libraries */ = {
			isa = PBXCopyFilesBuildPhase;
			buildActionMask = 2147483647;
			dstPath = "";
			dstSubfolderSpec = 10;
			files = (
				E4063A2025DD27170037353A /* libGLEW.2.2.dylib in Embed Libraries */,
				E4063A2325DD27200037353A /* libglfw.3.dylib in Embed Libraries */,
			);
			name = "Embed Libraries";
			runOnlyForDeploymentPostprocessing = 0;
		};
		E4063A2825DD76BF0037353A /* CopyFiles */ = {
			isa = PBXCopyFilesBuildPhase;
			buildActionMask = 2147483647;
			dstPath = /usr/share/man/man1/;
			dstSubfolderSpec = 0;
			files = (
			);
			runOnlyForDeploymentPostprocessing = 1;
		};
		E4063A3525DD76F40037353A /* Embed Libraries */ = {
			isa = PBXCopyFilesBuildPhase;
			buildActionMask = 2147483647;
			dstPath = "";
			dstSubfolderSpec = 10;
			files = (
				E4063A3425DD76F40037353A /* libGLEW.2.2.dylib in Embed Libraries */,
				E4063A3725DD76FE0037353A /* libglfw.3.dylib in Embed Libraries */,
			);
			name = "Embed Libraries";
			runOnlyForDeploymentPostprocessing = 0;
		};
/* End PBXCopyFilesBuildPhase section */

/* Begin PBXFileReference section */
		678A978025D031A1006321A0 /* shader.h */ = {isa = PBXFileReference; fileEncoding = 4; lastKnownFileType = sourcecode.c.h; path = shader.h; sourceTree = "<group>"; };
		678A97BF25D13548006321A0 /* stb_image.h */ = {isa = PBXFileReference; fileEncoding = 4; lastKnownFileType = sourcecode.c.h; path = stb_image.h; sourceTree = "<group>"; };
		678A97C625D225CF006321A0 /* container.jpg */ = {isa = PBXFileReference; lastKnownFileType = image.jpeg; path = container.jpg; sourceTree = "<group>"; };
		678A97CA25D2366F006321A0 /* define.h */ = {isa = PBXFileReference; lastKnownFileType = sourcecode.c.h; path = define.h; sourceTree = "<group>"; };
		678A97F225D282D1006321A0 /* awesomeface.png */ = {isa = PBXFileReference; lastKnownFileType = image.png; path = awesomeface.png; sourceTree = "<group>"; };
		67BFEEE925C8478600A11686 /* OpenGL.framework */ = {isa = PBXFileReference; lastKnownFileType = wrapper.framework; name = OpenGL.framework; path = System/Library/Frameworks/OpenGL.framework; sourceTree = SDKROOT; };
		67BFEEEB25C8478E00A11686 /* Cocoa.framework */ = {isa = PBXFileReference; lastKnownFileType = wrapper.framework; name = Cocoa.framework; path = System/Library/Frameworks/Cocoa.framework; sourceTree = SDKROOT; };
		67BFEEED25C8479400A11686 /* IOKit.framework */ = {isa = PBXFileReference; lastKnownFileType = wrapper.framework; name = IOKit.framework; path = System/Library/Frameworks/IOKit.framework; sourceTree = SDKROOT; };
		67BFEEEF25C8479B00A11686 /* CoreVideo.framework */ = {isa = PBXFileReference; lastKnownFileType = wrapper.framework; name = CoreVideo.framework; path = System/Library/Frameworks/CoreVideo.framework; sourceTree = SDKROOT; };
		67BFEF0025C8574100A11686 /* libglfw.3.3.dylib */ = {isa = PBXFileReference; lastKnownFileType = "compiled.mach-o.dylib"; name = libglfw.3.3.dylib; path = ../glfw/3.3.2/lib/libglfw.3.3.dylib; sourceTree = "<group>"; };
		67BFEF0225C8574D00A11686 /* libGLEW.2.2.0.dylib */ = {isa = PBXFileReference; lastKnownFileType = "compiled.mach-o.dylib"; name = libGLEW.2.2.0.dylib; path = ../glew/2.2.0_1/lib/libGLEW.2.2.0.dylib; sourceTree = "<group>"; };
		E40639E825DBEF890037353A /* camera.h */ = {isa = PBXFileReference; lastKnownFileType = sourcecode.c.h; path = camera.h; sourceTree = "<group>"; };
		E40639F725DC02B20037353A /* 1.1_Light */ = {isa = PBXFileReference; explicitFileType = "compiled.mach-o.executable"; includeInIndex = 0; path = 1.1_Light; sourceTree = BUILT_PRODUCTS_DIR; };
		E40639F925DC02B20037353A /* main.cpp */ = {isa = PBXFileReference; lastKnownFileType = sourcecode.cpp.cpp; path = main.cpp; sourceTree = "<group>"; };
		E4063A0725DC030E0037353A /* fragment.shader */ = {isa = PBXFileReference; fileEncoding = 4; lastKnownFileType = text; path = fragment.shader; sourceTree = "<group>"; xcLanguageSpecificationIdentifier = xcode.lang.glsl; };
		E4063A0825DC030E0037353A /* readme.md */ = {isa = PBXFileReference; fileEncoding = 4; lastKnownFileType = net.daringfireball.markdown; path = readme.md; sourceTree = "<group>"; };
		E4063A0925DC030E0037353A /* vertex.shader */ = {isa = PBXFileReference; fileEncoding = 4; lastKnownFileType = text; path = vertex.shader; sourceTree = "<group>"; xcLanguageSpecificationIdentifier = xcode.lang.glsl; };
		E4063A0A25DCCADB0037353A /* inputs.h */ = {isa = PBXFileReference; lastKnownFileType = sourcecode.c.h; path = inputs.h; sourceTree = "<group>"; };
		E4063A0F25DD1A6F0037353A /* 1.2_Light_Phong */ = {isa = PBXFileReference; explicitFileType = "compiled.mach-o.executable"; includeInIndex = 0; path = 1.2_Light_Phong; sourceTree = BUILT_PRODUCTS_DIR; };
		E4063A1125DD1A6F0037353A /* main.cpp */ = {isa = PBXFileReference; lastKnownFileType = sourcecode.cpp.cpp; path = main.cpp; sourceTree = "<group>"; };
		E4063A1725DD1A830037353A /* vertex.shader */ = {isa = PBXFileReference; fileEncoding = 4; lastKnownFileType = text; path = vertex.shader; sourceTree = "<group>"; xcLanguageSpecificationIdentifier = xcode.lang.glsl; };
		E4063A1825DD1A830037353A /* fragment.shader */ = {isa = PBXFileReference; fileEncoding = 4; lastKnownFileType = text; path = fragment.shader; sourceTree = "<group>"; xcLanguageSpecificationIdentifier = xcode.lang.glsl; };
		E4063A1925DD1A830037353A /* readme.md */ = {isa = PBXFileReference; fileEncoding = 4; lastKnownFileType = net.daringfireball.markdown; path = readme.md; sourceTree = "<group>"; };
		E4063A2425DD76380037353A /* material.h */ = {isa = PBXFileReference; lastKnownFileType = sourcecode.c.h; path = material.h; sourceTree = "<group>"; };
		E4063A2A25DD76BF0037353A /* 2.1_Material */ = {isa = PBXFileReference; explicitFileType = "compiled.mach-o.executable"; includeInIndex = 0; path = 2.1_Material; sourceTree = BUILT_PRODUCTS_DIR; };
		E4063A2C25DD76BF0037353A /* main.cpp */ = {isa = PBXFileReference; lastKnownFileType = sourcecode.cpp.cpp; path = main.cpp; sourceTree = "<group>"; };
		E4358D9225D835BE00DF2184 /* libglfw.3.dylib */ = {isa = PBXFileReference; lastKnownFileType = "compiled.mach-o.dylib"; name = libglfw.3.dylib; path = ../glfw/3.3.2/lib/libglfw.3.dylib; sourceTree = "<group>"; };
		E4358D9625D835F100DF2184 /* libGLEW.2.2.dylib */ = {isa = PBXFileReference; lastKnownFileType = "compiled.mach-o.dylib"; name = libGLEW.2.2.dylib; path = ../glew/2.2.0_1/lib/libGLEW.2.2.dylib; sourceTree = "<group>"; };
/* End PBXFileReference section */

/* Begin PBXFrameworksBuildPhase section */
		E40639F425DC02B20037353A /* Frameworks */ = {
			isa = PBXFrameworksBuildPhase;
			buildActionMask = 2147483647;
			files = (
				E40639FF25DC02C30037353A /* OpenGL.framework in Frameworks */,
				E4063A0325DC02D80037353A /* libglfw.3.dylib in Frameworks */,
				E4063A0025DC02CE0037353A /* libGLEW.2.2.dylib in Frameworks */,
			);
			runOnlyForDeploymentPostprocessing = 0;
		};
		E4063A0C25DD1A6F0037353A /* Frameworks */ = {
			isa = PBXFrameworksBuildPhase;
			buildActionMask = 2147483647;
			files = (
				E4063A1E25DD270C0037353A /* OpenGL.framework in Frameworks */,
				E4063A2225DD27200037353A /* libglfw.3.dylib in Frameworks */,
				E4063A1F25DD27170037353A /* libGLEW.2.2.dylib in Frameworks */,
			);
			runOnlyForDeploymentPostprocessing = 0;
		};
		E4063A2725DD76BF0037353A /* Frameworks */ = {
			isa = PBXFrameworksBuildPhase;
			buildActionMask = 2147483647;
			files = (
				E4063A3225DD76EA0037353A /* OpenGL.framework in Frameworks */,
				E4063A3625DD76FE0037353A /* libglfw.3.dylib in Frameworks */,
				E4063A3325DD76F40037353A /* libGLEW.2.2.dylib in Frameworks */,
			);
			runOnlyForDeploymentPostprocessing = 0;
		};
/* End PBXFrameworksBuildPhase section */

/* Begin PBXGroup section */
		678A977F25D031A1006321A0 /* Common */ = {
			isa = PBXGroup;
			children = (
				678A97BF25D13548006321A0 /* stb_image.h */,
				678A978025D031A1006321A0 /* shader.h */,
				678A97CA25D2366F006321A0 /* define.h */,
				E40639E825DBEF890037353A /* camera.h */,
				E4063A0A25DCCADB0037353A /* inputs.h */,
				E4063A2425DD76380037353A /* material.h */,
			);
			path = Common;
			sourceTree = "<group>";
		};
		678A97C225D136AD006321A0 /* Arts */ = {
			isa = PBXGroup;
			children = (
				678A97F225D282D1006321A0 /* awesomeface.png */,
				678A97C625D225CF006321A0 /* container.jpg */,
			);
			path = Arts;
			sourceTree = "<group>";
		};
		67BFEEBC25C8426500A11686 = {
			isa = PBXGroup;
			children = (
				678A97C225D136AD006321A0 /* Arts */,
				678A977F25D031A1006321A0 /* Common */,
				E40639F825DC02B20037353A /* 1.1_Light */,
				E4063A1025DD1A6F0037353A /* 1.2_Light_Phong */,
				E4063A2B25DD76BF0037353A /* 2.1_Material */,
				67BFEEC825C842CA00A11686 /* Products */,
				67BFEEE825C8478600A11686 /* Frameworks */,
			);
			sourceTree = "<group>";
		};
		67BFEEC825C842CA00A11686 /* Products */ = {
			isa = PBXGroup;
			children = (
				E40639F725DC02B20037353A /* 1.1_Light */,
				E4063A0F25DD1A6F0037353A /* 1.2_Light_Phong */,
				E4063A2A25DD76BF0037353A /* 2.1_Material */,
			);
			name = Products;
			sourceTree = "<group>";
		};
		67BFEEE825C8478600A11686 /* Frameworks */ = {
			isa = PBXGroup;
			children = (
				E4358D9625D835F100DF2184 /* libGLEW.2.2.dylib */,
				E4358D9225D835BE00DF2184 /* libglfw.3.dylib */,
				67BFEF0225C8574D00A11686 /* libGLEW.2.2.0.dylib */,
				67BFEF0025C8574100A11686 /* libglfw.3.3.dylib */,
				67BFEEEF25C8479B00A11686 /* CoreVideo.framework */,
				67BFEEED25C8479400A11686 /* IOKit.framework */,
				67BFEEEB25C8478E00A11686 /* Cocoa.framework */,
				67BFEEE925C8478600A11686 /* OpenGL.framework */,
			);
			name = Frameworks;
			sourceTree = "<group>";
		};
		E40639F825DC02B20037353A /* 1.1_Light */ = {
			isa = PBXGroup;
			children = (
				E4063A0725DC030E0037353A /* fragment.shader */,
				E4063A0825DC030E0037353A /* readme.md */,
				E4063A0925DC030E0037353A /* vertex.shader */,
				E40639F925DC02B20037353A /* main.cpp */,
			);
			path = 1.1_Light;
			sourceTree = "<group>";
		};
		E4063A1025DD1A6F0037353A /* 1.2_Light_Phong */ = {
			isa = PBXGroup;
			children = (
				E4063A1825DD1A830037353A /* fragment.shader */,
				E4063A1925DD1A830037353A /* readme.md */,
				E4063A1725DD1A830037353A /* vertex.shader */,
				E4063A1125DD1A6F0037353A /* main.cpp */,
			);
			path = 1.2_Light_Phong;
			sourceTree = "<group>";
		};
		E4063A2B25DD76BF0037353A /* 2.1_Material */ = {
			isa = PBXGroup;
			children = (
				E4063A2C25DD76BF0037353A /* main.cpp */,
			);
			path = 2.1_Material;
			sourceTree = "<group>";
		};
/* End PBXGroup section */

/* Begin PBXNativeTarget section */
		E40639F625DC02B20037353A /* 1.1_Light */ = {
			isa = PBXNativeTarget;
			buildConfigurationList = E40639FB25DC02B20037353A /* Build configuration list for PBXNativeTarget "1.1_Light" */;
			buildPhases = (
				E40639F325DC02B20037353A /* Sources */,
				E40639F425DC02B20037353A /* Frameworks */,
				E40639F525DC02B20037353A /* CopyFiles */,
				E4063A0225DC02CE0037353A /* Embed Libraries */,
			);
			buildRules = (
			);
			dependencies = (
			);
			name = 1.1_Light;
			productName = 7.2_Camera;
			productReference = E40639F725DC02B20037353A /* 1.1_Light */;
			productType = "com.apple.product-type.tool";
		};
		E4063A0E25DD1A6F0037353A /* 1.2_Light_Phong */ = {
			isa = PBXNativeTarget;
			buildConfigurationList = E4063A1325DD1A6F0037353A /* Build configuration list for PBXNativeTarget "1.2_Light_Phong" */;
			buildPhases = (
				E4063A0B25DD1A6F0037353A /* Sources */,
				E4063A0C25DD1A6F0037353A /* Frameworks */,
				E4063A0D25DD1A6F0037353A /* CopyFiles */,
				E4063A2125DD27170037353A /* Embed Libraries */,
			);
			buildRules = (
			);
			dependencies = (
			);
			name = 1.2_Light_Phong;
			productName = 1.2_Light_Phong;
			productReference = E4063A0F25DD1A6F0037353A /* 1.2_Light_Phong */;
			productType = "com.apple.product-type.tool";
		};
		E4063A2925DD76BF0037353A /* 2.1_Material */ = {
			isa = PBXNativeTarget;
			buildConfigurationList = E4063A2E25DD76BF0037353A /* Build configuration list for PBXNativeTarget "2.1_Material" */;
			buildPhases = (
				E4063A2625DD76BF0037353A /* Sources */,
				E4063A2725DD76BF0037353A /* Frameworks */,
				E4063A2825DD76BF0037353A /* CopyFiles */,
				E4063A3525DD76F40037353A /* Embed Libraries */,
			);
			buildRules = (
			);
			dependencies = (
			);
			name = 2.1_Material;
			productName = 2.1_Material;
			productReference = E4063A2A25DD76BF0037353A /* 2.1_Material */;
			productType = "com.apple.product-type.tool";
		};
/* End PBXNativeTarget section */

/* Begin PBXProject section */
		67BFEEBD25C8426500A11686 /* Project object */ = {
			isa = PBXProject;
			attributes = {
				LastUpgradeCheck = 1220;
				TargetAttributes = {
					E40639F625DC02B20037353A = {
						CreatedOnToolsVersion = 12.4;
					};
					E4063A0E25DD1A6F0037353A = {
						CreatedOnToolsVersion = 12.4;
					};
					E4063A2925DD76BF0037353A = {
						CreatedOnToolsVersion = 12.4;
					};
				};
			};
			buildConfigurationList = 67BFEEC025C8426500A11686 /* Build configuration list for PBXProject "LearnOpenGL_02" */;
			compatibilityVersion = "Xcode 9.3";
			developmentRegion = en;
			hasScannedForEncodings = 0;
			knownRegions = (
				en,
				Base,
			);
			mainGroup = 67BFEEBC25C8426500A11686;
			productRefGroup = 67BFEEC825C842CA00A11686 /* Products */;
			projectDirPath = "";
			projectRoot = "";
			targets = (
				E40639F625DC02B20037353A /* 1.1_Light */,
				E4063A0E25DD1A6F0037353A /* 1.2_Light_Phong */,
				E4063A2925DD76BF0037353A /* 2.1_Material */,
			);
		};
/* End PBXProject section */

/* Begin PBXSourcesBuildPhase section */
		E40639F325DC02B20037353A /* Sources */ = {
			isa = PBXSourcesBuildPhase;
			buildActionMask = 2147483647;
			files = (
				E40639FA25DC02B20037353A /* main.cpp in Sources */,
			);
			runOnlyForDeploymentPostprocessing = 0;
		};
		E4063A0B25DD1A6F0037353A /* Sources */ = {
			isa = PBXSourcesBuildPhase;
			buildActionMask = 2147483647;
			files = (
				E4063A1225DD1A6F0037353A /* main.cpp in Sources */,
			);
			runOnlyForDeploymentPostprocessing = 0;
		};
		E4063A2625DD76BF0037353A /* Sources */ = {
			isa = PBXSourcesBuildPhase;
			buildActionMask = 2147483647;
			files = (
				E4063A2D25DD76BF0037353A /* main.cpp in Sources */,
			);
			runOnlyForDeploymentPostprocessing = 0;
		};
/* End PBXSourcesBuildPhase section */

/* Begin XCBuildConfiguration section */
		67BFEEC125C8426500A11686 /* Debug */ = {
			isa = XCBuildConfiguration;
			buildSettings = {
				HEADER_SEARCH_PATHS = (
					"\"$(SRCROOT)/../glfw/3.3.2/include\"",
					"\"$(SRCROOT)/../glew/2.2.0_1/include\"",
					"\"$(SRCROOT)/../glm\"",
				);
				LIBRARY_SEARCH_PATHS = (
					"\"$(SRCROOT)/../glew/2.2.0_1/lib\"",
					"\"$(SRCROOT)/../glfw/3.3.2/lib\"",
				);
				MACOSX_DEPLOYMENT_TARGET = 10.15;
			};
			name = Debug;
		};
		67BFEEC225C8426500A11686 /* Release */ = {
			isa = XCBuildConfiguration;
			buildSettings = {
				HEADER_SEARCH_PATHS = (
					"\"$(SRCROOT)/../glfw/3.3.2/include\"",
					"\"$(SRCROOT)/../glew/2.2.0_1/include\"",
					"\"$(SRCROOT)/../glm\"",
				);
				LIBRARY_SEARCH_PATHS = (
					"\"$(SRCROOT)/../glew/2.2.0_1/lib\"",
					"\"$(SRCROOT)/../glfw/3.3.2/lib\"",
				);
				MACOSX_DEPLOYMENT_TARGET = 10.15;
			};
			name = Release;
		};
		E40639FC25DC02B20037353A /* Debug */ = {
			isa = XCBuildConfiguration;
			buildSettings = {
				ALWAYS_SEARCH_USER_PATHS = NO;
				CLANG_ANALYZER_NONNULL = YES;
				CLANG_ANALYZER_NUMBER_OBJECT_CONVERSION = YES_AGGRESSIVE;
				CLANG_CXX_LANGUAGE_STANDARD = "gnu++14";
				CLANG_CXX_LIBRARY = "libc++";
				CLANG_ENABLE_MODULES = YES;
				CLANG_ENABLE_OBJC_ARC = YES;
				CLANG_ENABLE_OBJC_WEAK = YES;
				CLANG_WARN_BLOCK_CAPTURE_AUTORELEASING = YES;
				CLANG_WARN_BOOL_CONVERSION = YES;
				CLANG_WARN_COMMA = YES;
				CLANG_WARN_CONSTANT_CONVERSION = YES;
				CLANG_WARN_DEPRECATED_OBJC_IMPLEMENTATIONS = YES;
				CLANG_WARN_DIRECT_OBJC_ISA_USAGE = YES_ERROR;
				CLANG_WARN_DOCUMENTATION_COMMENTS = YES;
				CLANG_WARN_EMPTY_BODY = YES;
				CLANG_WARN_ENUM_CONVERSION = YES;
				CLANG_WARN_INFINITE_RECURSION = YES;
				CLANG_WARN_INT_CONVERSION = YES;
				CLANG_WARN_NON_LITERAL_NULL_CONVERSION = YES;
				CLANG_WARN_OBJC_IMPLICIT_RETAIN_SELF = YES;
				CLANG_WARN_OBJC_LITERAL_CONVERSION = YES;
				CLANG_WARN_OBJC_ROOT_CLASS = YES_ERROR;
				CLANG_WARN_QUOTED_INCLUDE_IN_FRAMEWORK_HEADER = YES;
				CLANG_WARN_RANGE_LOOP_ANALYSIS = YES;
				CLANG_WARN_STRICT_PROTOTYPES = YES;
				CLANG_WARN_SUSPICIOUS_MOVE = YES;
				CLANG_WARN_UNGUARDED_AVAILABILITY = YES_AGGRESSIVE;
				CLANG_WARN_UNREACHABLE_CODE = YES;
				CLANG_WARN__DUPLICATE_METHOD_MATCH = YES;
				CODE_SIGN_STYLE = Automatic;
				COPY_PHASE_STRIP = NO;
				DEBUG_INFORMATION_FORMAT = dwarf;
				ENABLE_STRICT_OBJC_MSGSEND = YES;
				ENABLE_TESTABILITY = YES;
				GCC_C_LANGUAGE_STANDARD = gnu11;
				GCC_DYNAMIC_NO_PIC = NO;
				GCC_NO_COMMON_BLOCKS = YES;
				GCC_OPTIMIZATION_LEVEL = 0;
				GCC_PREPROCESSOR_DEFINITIONS = (
					"DEBUG=1",
					"$(inherited)",
				);
				GCC_WARN_64_TO_32_BIT_CONVERSION = YES;
				GCC_WARN_ABOUT_RETURN_TYPE = YES_ERROR;
				GCC_WARN_UNDECLARED_SELECTOR = YES;
				GCC_WARN_UNINITIALIZED_AUTOS = YES_AGGRESSIVE;
				GCC_WARN_UNUSED_FUNCTION = YES;
				GCC_WARN_UNUSED_VARIABLE = YES;
				MTL_ENABLE_DEBUG_INFO = INCLUDE_SOURCE;
				MTL_FAST_MATH = YES;
				ONLY_ACTIVE_ARCH = YES;
				PRODUCT_NAME = "$(TARGET_NAME)";
				SDKROOT = macosx;
			};
			name = Debug;
		};
		E40639FD25DC02B20037353A /* Release */ = {
			isa = XCBuildConfiguration;
			buildSettings = {
				ALWAYS_SEARCH_USER_PATHS = NO;
				CLANG_ANALYZER_NONNULL = YES;
				CLANG_ANALYZER_NUMBER_OBJECT_CONVERSION = YES_AGGRESSIVE;
				CLANG_CXX_LANGUAGE_STANDARD = "gnu++14";
				CLANG_CXX_LIBRARY = "libc++";
				CLANG_ENABLE_MODULES = YES;
				CLANG_ENABLE_OBJC_ARC = YES;
				CLANG_ENABLE_OBJC_WEAK = YES;
				CLANG_WARN_BLOCK_CAPTURE_AUTORELEASING = YES;
				CLANG_WARN_BOOL_CONVERSION = YES;
				CLANG_WARN_COMMA = YES;
				CLANG_WARN_CONSTANT_CONVERSION = YES;
				CLANG_WARN_DEPRECATED_OBJC_IMPLEMENTATIONS = YES;
				CLANG_WARN_DIRECT_OBJC_ISA_USAGE = YES_ERROR;
				CLANG_WARN_DOCUMENTATION_COMMENTS = YES;
				CLANG_WARN_EMPTY_BODY = YES;
				CLANG_WARN_ENUM_CONVERSION = YES;
				CLANG_WARN_INFINITE_RECURSION = YES;
				CLANG_WARN_INT_CONVERSION = YES;
				CLANG_WARN_NON_LITERAL_NULL_CONVERSION = YES;
				CLANG_WARN_OBJC_IMPLICIT_RETAIN_SELF = YES;
				CLANG_WARN_OBJC_LITERAL_CONVERSION = YES;
				CLANG_WARN_OBJC_ROOT_CLASS = YES_ERROR;
				CLANG_WARN_QUOTED_INCLUDE_IN_FRAMEWORK_HEADER = YES;
				CLANG_WARN_RANGE_LOOP_ANALYSIS = YES;
				CLANG_WARN_STRICT_PROTOTYPES = YES;
				CLANG_WARN_SUSPICIOUS_MOVE = YES;
				CLANG_WARN_UNGUARDED_AVAILABILITY = YES_AGGRESSIVE;
				CLANG_WARN_UNREACHABLE_CODE = YES;
				CLANG_WARN__DUPLICATE_METHOD_MATCH = YES;
				CODE_SIGN_STYLE = Automatic;
				COPY_PHASE_STRIP = NO;
				DEBUG_INFORMATION_FORMAT = "dwarf-with-dsym";
				ENABLE_NS_ASSERTIONS = NO;
				ENABLE_STRICT_OBJC_MSGSEND = YES;
				GCC_C_LANGUAGE_STANDARD = gnu11;
				GCC_NO_COMMON_BLOCKS = YES;
				GCC_WARN_64_TO_32_BIT_CONVERSION = YES;
				GCC_WARN_ABOUT_RETURN_TYPE = YES_ERROR;
				GCC_WARN_UNDECLARED_SELECTOR = YES;
				GCC_WARN_UNINITIALIZED_AUTOS = YES_AGGRESSIVE;
				GCC_WARN_UNUSED_FUNCTION = YES;
				GCC_WARN_UNUSED_VARIABLE = YES;
				MTL_ENABLE_DEBUG_INFO = NO;
				MTL_FAST_MATH = YES;
				PRODUCT_NAME = "$(TARGET_NAME)";
				SDKROOT = macosx;
			};
			name = Release;
		};
		E4063A1425DD1A6F0037353A /* Debug */ = {
			isa = XCBuildConfiguration;
			buildSettings = {
				ALWAYS_SEARCH_USER_PATHS = NO;
				CLANG_ANALYZER_NONNULL = YES;
				CLANG_ANALYZER_NUMBER_OBJECT_CONVERSION = YES_AGGRESSIVE;
				CLANG_CXX_LANGUAGE_STANDARD = "gnu++14";
				CLANG_CXX_LIBRARY = "libc++";
				CLANG_ENABLE_MODULES = YES;
				CLANG_ENABLE_OBJC_ARC = YES;
				CLANG_ENABLE_OBJC_WEAK = YES;
				CLANG_WARN_BLOCK_CAPTURE_AUTORELEASING = YES;
				CLANG_WARN_BOOL_CONVERSION = YES;
				CLANG_WARN_COMMA = YES;
				CLANG_WARN_CONSTANT_CONVERSION = YES;
				CLANG_WARN_DEPRECATED_OBJC_IMPLEMENTATIONS = YES;
				CLANG_WARN_DIRECT_OBJC_ISA_USAGE = YES_ERROR;
				CLANG_WARN_DOCUMENTATION_COMMENTS = YES;
				CLANG_WARN_EMPTY_BODY = YES;
				CLANG_WARN_ENUM_CONVERSION = YES;
				CLANG_WARN_INFINITE_RECURSION = YES;
				CLANG_WARN_INT_CONVERSION = YES;
				CLANG_WARN_NON_LITERAL_NULL_CONVERSION = YES;
				CLANG_WARN_OBJC_IMPLICIT_RETAIN_SELF = YES;
				CLANG_WARN_OBJC_LITERAL_CONVERSION = YES;
				CLANG_WARN_OBJC_ROOT_CLASS = YES_ERROR;
				CLANG_WARN_QUOTED_INCLUDE_IN_FRAMEWORK_HEADER = YES;
				CLANG_WARN_RANGE_LOOP_ANALYSIS = YES;
				CLANG_WARN_STRICT_PROTOTYPES = YES;
				CLANG_WARN_SUSPICIOUS_MOVE = YES;
				CLANG_WARN_UNGUARDED_AVAILABILITY = YES_AGGRESSIVE;
				CLANG_WARN_UNREACHABLE_CODE = YES;
				CLANG_WARN__DUPLICATE_METHOD_MATCH = YES;
				CODE_SIGN_STYLE = Automatic;
				COPY_PHASE_STRIP = NO;
				DEBUG_INFORMATION_FORMAT = dwarf;
				ENABLE_STRICT_OBJC_MSGSEND = YES;
				ENABLE_TESTABILITY = YES;
				GCC_C_LANGUAGE_STANDARD = gnu11;
				GCC_DYNAMIC_NO_PIC = NO;
				GCC_NO_COMMON_BLOCKS = YES;
				GCC_OPTIMIZATION_LEVEL = 0;
				GCC_PREPROCESSOR_DEFINITIONS = (
					"DEBUG=1",
					"$(inherited)",
				);
				GCC_WARN_64_TO_32_BIT_CONVERSION = YES;
				GCC_WARN_ABOUT_RETURN_TYPE = YES_ERROR;
				GCC_WARN_UNDECLARED_SELECTOR = YES;
				GCC_WARN_UNINITIALIZED_AUTOS = YES_AGGRESSIVE;
				GCC_WARN_UNUSED_FUNCTION = YES;
				GCC_WARN_UNUSED_VARIABLE = YES;
				MTL_ENABLE_DEBUG_INFO = INCLUDE_SOURCE;
				MTL_FAST_MATH = YES;
				ONLY_ACTIVE_ARCH = YES;
				PRODUCT_NAME = "$(TARGET_NAME)";
				SDKROOT = macosx;
			};
			name = Debug;
		};
		E4063A1525DD1A6F0037353A /* Release */ = {
			isa = XCBuildConfiguration;
			buildSettings = {
				ALWAYS_SEARCH_USER_PATHS = NO;
				CLANG_ANALYZER_NONNULL = YES;
				CLANG_ANALYZER_NUMBER_OBJECT_CONVERSION = YES_AGGRESSIVE;
				CLANG_CXX_LANGUAGE_STANDARD = "gnu++14";
				CLANG_CXX_LIBRARY = "libc++";
				CLANG_ENABLE_MODULES = YES;
				CLANG_ENABLE_OBJC_ARC = YES;
				CLANG_ENABLE_OBJC_WEAK = YES;
				CLANG_WARN_BLOCK_CAPTURE_AUTORELEASING = YES;
				CLANG_WARN_BOOL_CONVERSION = YES;
				CLANG_WARN_COMMA = YES;
				CLANG_WARN_CONSTANT_CONVERSION = YES;
				CLANG_WARN_DEPRECATED_OBJC_IMPLEMENTATIONS = YES;
				CLANG_WARN_DIRECT_OBJC_ISA_USAGE = YES_ERROR;
				CLANG_WARN_DOCUMENTATION_COMMENTS = YES;
				CLANG_WARN_EMPTY_BODY = YES;
				CLANG_WARN_ENUM_CONVERSION = YES;
				CLANG_WARN_INFINITE_RECURSION = YES;
				CLANG_WARN_INT_CONVERSION = YES;
				CLANG_WARN_NON_LITERAL_NULL_CONVERSION = YES;
				CLANG_WARN_OBJC_IMPLICIT_RETAIN_SELF = YES;
				CLANG_WARN_OBJC_LITERAL_CONVERSION = YES;
				CLANG_WARN_OBJC_ROOT_CLASS = YES_ERROR;
				CLANG_WARN_QUOTED_INCLUDE_IN_FRAMEWORK_HEADER = YES;
				CLANG_WARN_RANGE_LOOP_ANALYSIS = YES;
				CLANG_WARN_STRICT_PROTOTYPES = YES;
				CLANG_WARN_SUSPICIOUS_MOVE = YES;
				CLANG_WARN_UNGUARDED_AVAILABILITY = YES_AGGRESSIVE;
				CLANG_WARN_UNREACHABLE_CODE = YES;
				CLANG_WARN__DUPLICATE_METHOD_MATCH = YES;
				CODE_SIGN_STYLE = Automatic;
				COPY_PHASE_STRIP = NO;
				DEBUG_INFORMATION_FORMAT = "dwarf-with-dsym";
				ENABLE_NS_ASSERTIONS = NO;
				ENABLE_STRICT_OBJC_MSGSEND = YES;
				GCC_C_LANGUAGE_STANDARD = gnu11;
				GCC_NO_COMMON_BLOCKS = YES;
				GCC_WARN_64_TO_32_BIT_CONVERSION = YES;
				GCC_WARN_ABOUT_RETURN_TYPE = YES_ERROR;
				GCC_WARN_UNDECLARED_SELECTOR = YES;
				GCC_WARN_UNINITIALIZED_AUTOS = YES_AGGRESSIVE;
				GCC_WARN_UNUSED_FUNCTION = YES;
				GCC_WARN_UNUSED_VARIABLE = YES;
				MTL_ENABLE_DEBUG_INFO = NO;
				MTL_FAST_MATH = YES;
				PRODUCT_NAME = "$(TARGET_NAME)";
				SDKROOT = macosx;
			};
			name = Release;
		};
		E4063A2F25DD76BF0037353A /* Debug */ = {
			isa = XCBuildConfiguration;
			buildSettings = {
				ALWAYS_SEARCH_USER_PATHS = NO;
				CLANG_ANALYZER_NONNULL = YES;
				CLANG_ANALYZER_NUMBER_OBJECT_CONVERSION = YES_AGGRESSIVE;
				CLANG_CXX_LANGUAGE_STANDARD = "gnu++14";
				CLANG_CXX_LIBRARY = "libc++";
				CLANG_ENABLE_MODULES = YES;
				CLANG_ENABLE_OBJC_ARC = YES;
				CLANG_ENABLE_OBJC_WEAK = YES;
				CLANG_WARN_BLOCK_CAPTURE_AUTORELEASING = YES;
				CLANG_WARN_BOOL_CONVERSION = YES;
				CLANG_WARN_COMMA = YES;
				CLANG_WARN_CONSTANT_CONVERSION = YES;
				CLANG_WARN_DEPRECATED_OBJC_IMPLEMENTATIONS = YES;
				CLANG_WARN_DIRECT_OBJC_ISA_USAGE = YES_ERROR;
				CLANG_WARN_DOCUMENTATION_COMMENTS = YES;
				CLANG_WARN_EMPTY_BODY = YES;
				CLANG_WARN_ENUM_CONVERSION = YES;
				CLANG_WARN_INFINITE_RECURSION = YES;
				CLANG_WARN_INT_CONVERSION = YES;
				CLANG_WARN_NON_LITERAL_NULL_CONVERSION = YES;
				CLANG_WARN_OBJC_IMPLICIT_RETAIN_SELF = YES;
				CLANG_WARN_OBJC_LITERAL_CONVERSION = YES;
				CLANG_WARN_OBJC_ROOT_CLASS = YES_ERROR;
				CLANG_WARN_QUOTED_INCLUDE_IN_FRAMEWORK_HEADER = YES;
				CLANG_WARN_RANGE_LOOP_ANALYSIS = YES;
				CLANG_WARN_STRICT_PROTOTYPES = YES;
				CLANG_WARN_SUSPICIOUS_MOVE = YES;
				CLANG_WARN_UNGUARDED_AVAILABILITY = YES_AGGRESSIVE;
				CLANG_WARN_UNREACHABLE_CODE = YES;
				CLANG_WARN__DUPLICATE_METHOD_MATCH = YES;
				CODE_SIGN_STYLE = Automatic;
				COPY_PHASE_STRIP = NO;
				DEBUG_INFORMATION_FORMAT = dwarf;
				ENABLE_STRICT_OBJC_MSGSEND = YES;
				ENABLE_TESTABILITY = YES;
				GCC_C_LANGUAGE_STANDARD = gnu11;
				GCC_DYNAMIC_NO_PIC = NO;
				GCC_NO_COMMON_BLOCKS = YES;
				GCC_OPTIMIZATION_LEVEL = 0;
				GCC_PREPROCESSOR_DEFINITIONS = (
					"DEBUG=1",
					"$(inherited)",
				);
				GCC_WARN_64_TO_32_BIT_CONVERSION = YES;
				GCC_WARN_ABOUT_RETURN_TYPE = YES_ERROR;
				GCC_WARN_UNDECLARED_SELECTOR = YES;
				GCC_WARN_UNINITIALIZED_AUTOS = YES_AGGRESSIVE;
				GCC_WARN_UNUSED_FUNCTION = YES;
				GCC_WARN_UNUSED_VARIABLE = YES;
				MTL_ENABLE_DEBUG_INFO = INCLUDE_SOURCE;
				MTL_FAST_MATH = YES;
				ONLY_ACTIVE_ARCH = YES;
				PRODUCT_NAME = "$(TARGET_NAME)";
				SDKROOT = macosx;
			};
			name = Debug;
		};
		E4063A3025DD76BF0037353A /* Release */ = {
			isa = XCBuildConfiguration;
			buildSettings = {
				ALWAYS_SEARCH_USER_PATHS = NO;
				CLANG_ANALYZER_NONNULL = YES;
				CLANG_ANALYZER_NUMBER_OBJECT_CONVERSION = YES_AGGRESSIVE;
				CLANG_CXX_LANGUAGE_STANDARD = "gnu++14";
				CLANG_CXX_LIBRARY = "libc++";
				CLANG_ENABLE_MODULES = YES;
				CLANG_ENABLE_OBJC_ARC = YES;
				CLANG_ENABLE_OBJC_WEAK = YES;
				CLANG_WARN_BLOCK_CAPTURE_AUTORELEASING = YES;
				CLANG_WARN_BOOL_CONVERSION = YES;
				CLANG_WARN_COMMA = YES;
				CLANG_WARN_CONSTANT_CONVERSION = YES;
				CLANG_WARN_DEPRECATED_OBJC_IMPLEMENTATIONS = YES;
				CLANG_WARN_DIRECT_OBJC_ISA_USAGE = YES_ERROR;
				CLANG_WARN_DOCUMENTATION_COMMENTS = YES;
				CLANG_WARN_EMPTY_BODY = YES;
				CLANG_WARN_ENUM_CONVERSION = YES;
				CLANG_WARN_INFINITE_RECURSION = YES;
				CLANG_WARN_INT_CONVERSION = YES;
				CLANG_WARN_NON_LITERAL_NULL_CONVERSION = YES;
				CLANG_WARN_OBJC_IMPLICIT_RETAIN_SELF = YES;
				CLANG_WARN_OBJC_LITERAL_CONVERSION = YES;
				CLANG_WARN_OBJC_ROOT_CLASS = YES_ERROR;
				CLANG_WARN_QUOTED_INCLUDE_IN_FRAMEWORK_HEADER = YES;
				CLANG_WARN_RANGE_LOOP_ANALYSIS = YES;
				CLANG_WARN_STRICT_PROTOTYPES = YES;
				CLANG_WARN_SUSPICIOUS_MOVE = YES;
				CLANG_WARN_UNGUARDED_AVAILABILITY = YES_AGGRESSIVE;
				CLANG_WARN_UNREACHABLE_CODE = YES;
				CLANG_WARN__DUPLICATE_METHOD_MATCH = YES;
				CODE_SIGN_STYLE = Automatic;
				COPY_PHASE_STRIP = NO;
				DEBUG_INFORMATION_FORMAT = "dwarf-with-dsym";
				ENABLE_NS_ASSERTIONS = NO;
				ENABLE_STRICT_OBJC_MSGSEND = YES;
				GCC_C_LANGUAGE_STANDARD = gnu11;
				GCC_NO_COMMON_BLOCKS = YES;
				GCC_WARN_64_TO_32_BIT_CONVERSION = YES;
				GCC_WARN_ABOUT_RETURN_TYPE = YES_ERROR;
				GCC_WARN_UNDECLARED_SELECTOR = YES;
				GCC_WARN_UNINITIALIZED_AUTOS = YES_AGGRESSIVE;
				GCC_WARN_UNUSED_FUNCTION = YES;
				GCC_WARN_UNUSED_VARIABLE = YES;
				MTL_ENABLE_DEBUG_INFO = NO;
				MTL_FAST_MATH = YES;
				PRODUCT_NAME = "$(TARGET_NAME)";
				SDKROOT = macosx;
			};
			name = Release;
		};
/* End XCBuildConfiguration section */

/* Begin XCConfigurationList section */
		67BFEEC025C8426500A11686 /* Build configuration list for PBXProject "LearnOpenGL_02" */ = {
			isa = XCConfigurationList;
			buildConfigurations = (
				67BFEEC125C8426500A11686 /* Debug */,
				67BFEEC225C8426500A11686 /* Release */,
			);
			defaultConfigurationIsVisible = 0;
			defaultConfigurationName = Release;
		};
		E40639FB25DC02B20037353A /* Build configuration list for PBXNativeTarget "1.1_Light" */ = {
			isa = XCConfigurationList;
			buildConfigurations = (
				E40639FC25DC02B20037353A /* Debug */,
				E40639FD25DC02B20037353A /* Release */,
			);
			defaultConfigurationIsVisible = 0;
			defaultConfigurationName = Release;
		};
		E4063A1325DD1A6F0037353A /* Build configuration list for PBXNativeTarget "1.2_Light_Phong" */ = {
			isa = XCConfigurationList;
			buildConfigurations = (
				E4063A1425DD1A6F0037353A /* Debug */,
				E4063A1525DD1A6F0037353A /* Release */,
			);
			defaultConfigurationIsVisible = 0;
			defaultConfigurationName = Release;
		};
		E4063A2E25DD76BF0037353A /* Build configuration list for PBXNativeTarget "2.1_Material" */ = {
			isa = XCConfigurationList;
			buildConfigurations = (
				E4063A2F25DD76BF0037353A /* Debug */,
				E4063A3025DD76BF0037353A /* Release */,
			);
			defaultConfigurationIsVisible = 0;
			defaultConfigurationName = Release;
		};
/* End XCConfigurationList section */
	};
	rootObject = 67BFEEBD25C8426500A11686 /* Project object */;
}
